
Microsoft Visual Studio Solution File, Format Version 12.00
# Visual Studio Version 16
VisualStudioVersion = 16.0.30523.141
MinimumVisualStudioVersion = 10.0.40219.1
Project("{FAE04EC0-301F-11D3-BF4B-00C04F79EFBC}") = "ChoreWorkerLib", "ChoreWorkerLib\ChoreWorkerLib.csproj", "{736AF8B8-FAB6-475A-81E1-7FA611BBE458}"
EndProject
Project("{2150E333-8FDC-42A3-9474-1A3956D46DE8}") = "Solution Items", "Solution Items", "{BC989544-C60F-4691-8797-9F7347297DFE}"
	ProjectSection(SolutionItems) = preProject
		.gitignore = .gitignore
	EndProjectSection
EndProject
Global
	GlobalSection(SolutionConfigurationPlatforms) = preSolution
		Debug|Any CPU = Debug|Any CPU
		Release|Any CPU = Release|Any CPU
	EndGlobalSection
	GlobalSection(ProjectConfigurationPlatforms) = postSolution
		{736AF8B8-FAB6-475A-81E1-7FA611BBE458}.Debug|Any CPU.ActiveCfg = Debug|Any CPU
		{736AF8B8-FAB6-475A-81E1-7FA611BBE458}.Debug|Any CPU.Build.0 = Debug|Any CPU
		{736AF8B8-FAB6-475A-81E1-7FA611BBE458}.Release|Any CPU.ActiveCfg = Release|Any CPU
		{736AF8B8-FAB6-475A-81E1-7FA611BBE458}.Release|Any CPU.Build.0 = Release|Any CPU
	EndGlobalSection
	GlobalSection(SolutionProperties) = preSolution
		HideSolutionNode = FALSE
	EndGlobalSection
	GlobalSection(ExtensibilityGlobals) = postSolution
		SolutionGuid = {FF2C7BE5-6045-4188-8DAC-C48302DE4350}
	EndGlobalSection
EndGlobal
